
Microsoft Visual Studio Solution File, Format Version 12.00
# Visual Studio Version 17
VisualStudioVersion = 17.8.34525.116
MinimumVisualStudioVersion = 10.0.40219.1
Project("{9A19103F-16F7-4668-BE54-9A1E7A4F7556}") = "DeZero.NET", "DeZero.NET\DeZero.NET.csproj", "{7D4032E8-C31B-40DF-BE36-530B95B8B24C}"
EndProject
Project("{FAE04EC0-301F-11D3-BF4B-00C04F79EFBC}") = "DeZero.NET.Sample", "DeZero.NET.Sample\DeZero.NET.Sample.csproj", "{0936957F-0A57-4598-8A3D-47BEF55E2E33}"
EndProject
Global
	GlobalSection(SolutionConfigurationPlatforms) = preSolution
		Debug|Any CPU = Debug|Any CPU
		Release|Any CPU = Release|Any CPU
	EndGlobalSection
	GlobalSection(ProjectConfigurationPlatforms) = postSolution
		{7D4032E8-C31B-40DF-BE36-530B95B8B24C}.Debug|Any CPU.ActiveCfg = Debug|Any CPU
		{7D4032E8-C31B-40DF-BE36-530B95B8B24C}.Debug|Any CPU.Build.0 = Debug|Any CPU
		{7D4032E8-C31B-40DF-BE36-530B95B8B24C}.Release|Any CPU.ActiveCfg = Release|Any CPU
		{7D4032E8-C31B-40DF-BE36-530B95B8B24C}.Release|Any CPU.Build.0 = Release|Any CPU
		{0936957F-0A57-4598-8A3D-47BEF55E2E33}.Debug|Any CPU.ActiveCfg = Debug|Any CPU
		{0936957F-0A57-4598-8A3D-47BEF55E2E33}.Debug|Any CPU.Build.0 = Debug|Any CPU
		{0936957F-0A57-4598-8A3D-47BEF55E2E33}.Release|Any CPU.ActiveCfg = Release|Any CPU
		{0936957F-0A57-4598-8A3D-47BEF55E2E33}.Release|Any CPU.Build.0 = Release|Any CPU
	EndGlobalSection
	GlobalSection(SolutionProperties) = preSolution
		HideSolutionNode = FALSE
	EndGlobalSection
	GlobalSection(ExtensibilityGlobals) = postSolution
		SolutionGuid = {CCD217B1-30D1-4030-AEFB-9CD2692D61D5}
	EndGlobalSection
EndGlobal
